
Microsoft Visual Studio Solution File, Format Version 12.00
# Visual Studio Version 17
VisualStudioVersion = 17.8.34511.84
MinimumVisualStudioVersion = 10.0.40219.1
Project("{FAE04EC0-301F-11D3-BF4B-00C04F79EFBC}") = "WebAPI-KPL", "WebAPI-KPL\WebAPI-KPL.csproj", "{1275F776-09A0-4C6F-828E-111944D24C2C}"
EndProject
Global
	GlobalSection(SolutionConfigurationPlatforms) = preSolution
		Debug|Any CPU = Debug|Any CPU
		Release|Any CPU = Release|Any CPU
	EndGlobalSection
	GlobalSection(ProjectConfigurationPlatforms) = postSolution
		{1275F776-09A0-4C6F-828E-111944D24C2C}.Debug|Any CPU.ActiveCfg = Debug|Any CPU
		{1275F776-09A0-4C6F-828E-111944D24C2C}.Debug|Any CPU.Build.0 = Debug|Any CPU
		{1275F776-09A0-4C6F-828E-111944D24C2C}.Release|Any CPU.ActiveCfg = Release|Any CPU
		{1275F776-09A0-4C6F-828E-111944D24C2C}.Release|Any CPU.Build.0 = Release|Any CPU
	EndGlobalSection
	GlobalSection(SolutionProperties) = preSolution
		HideSolutionNode = FALSE
	EndGlobalSection
	GlobalSection(ExtensibilityGlobals) = postSolution
		SolutionGuid = {02C0961A-6820-4312-90B0-1891A8A6FE39}
	EndGlobalSection
EndGlobal
